// !$*UTF8*$!
{
	archiveVersion = 1;
	classes = {
	};
	objectVersion = 46;
	objects = {

/* Begin PBXBuildFile section */
		0A4909762003C85E000D3567 /* AppDelegate.swift in Sources */ = {isa = PBXBuildFile; fileRef = 0A4909752003C85E000D3567 /* AppDelegate.swift */; };
		0A4909782003C85E000D3567 /* ViewController.swift in Sources */ = {isa = PBXBuildFile; fileRef = 0A4909772003C85E000D3567 /* ViewController.swift */; };
		0A49097B2003C85E000D3567 /* Main.storyboard in Resources */ = {isa = PBXBuildFile; fileRef = 0A4909792003C85E000D3567 /* Main.storyboard */; };
		0A49097D2003C85E000D3567 /* Assets.xcassets in Resources */ = {isa = PBXBuildFile; fileRef = 0A49097C2003C85E000D3567 /* Assets.xcassets */; };
		0A4909802003C85E000D3567 /* LaunchScreen.storyboard in Resources */ = {isa = PBXBuildFile; fileRef = 0A49097E2003C85E000D3567 /* LaunchScreen.storyboard */; };
		0A49098B2003C85E000D3567 /* MyFirstAppWithMyFirstPodTests.swift in Sources */ = {isa = PBXBuildFile; fileRef = 0A49098A2003C85E000D3567 /* MyFirstAppWithMyFirstPodTests.swift */; };
		0DD5F801893F0F13409F944B /* Pods_MyFirstAppWithMyFirstPod.framework in Frameworks */ = {isa = PBXBuildFile; fileRef = 822F2B693E9EC44CA27A0985 /* Pods_MyFirstAppWithMyFirstPod.framework */; };
		265C17C7E0B7E58FE9D4B8C2 /* Pods_MyFirstAppWithMyFirstPodTests.framework in Frameworks */ = {isa = PBXBuildFile; fileRef = A848CA50324CBDA381B979D9 /* Pods_MyFirstAppWithMyFirstPodTests.framework */; };
/* End PBXBuildFile section */

/* Begin PBXContainerItemProxy section */
		0A4909872003C85E000D3567 /* PBXContainerItemProxy */ = {
			isa = PBXContainerItemProxy;
			containerPortal = 0A49096A2003C85E000D3567 /* Project object */;
			proxyType = 1;
			remoteGlobalIDString = 0A4909712003C85E000D3567;
			remoteInfo = MyFirstAppWithMyFirstPod;
		};
/* End PBXContainerItemProxy section */

/* Begin PBXFileReference section */
		0A4909722003C85E000D3567 /* MyFirstAppWithMyFirstPod.app */ = {isa = PBXFileReference; explicitFileType = wrapper.application; includeInIndex = 0; path = MyFirstAppWithMyFirstPod.app; sourceTree = BUILT_PRODUCTS_DIR; };
		0A4909752003C85E000D3567 /* AppDelegate.swift */ = {isa = PBXFileReference; lastKnownFileType = sourcecode.swift; path = AppDelegate.swift; sourceTree = "<group>"; };
		0A4909772003C85E000D3567 /* ViewController.swift */ = {isa = PBXFileReference; lastKnownFileType = sourcecode.swift; path = ViewController.swift; sourceTree = "<group>"; };
		0A49097A2003C85E000D3567 /* Base */ = {isa = PBXFileReference; lastKnownFileType = file.storyboard; name = Base; path = Base.lproj/Main.storyboard; sourceTree = "<group>"; };
		0A49097C2003C85E000D3567 /* Assets.xcassets */ = {isa = PBXFileReference; lastKnownFileType = folder.assetcatalog; path = Assets.xcassets; sourceTree = "<group>"; };
		0A49097F2003C85E000D3567 /* Base */ = {isa = PBXFileReference; lastKnownFileType = file.storyboard; name = Base; path = Base.lproj/LaunchScreen.storyboard; sourceTree = "<group>"; };
		0A4909812003C85E000D3567 /* Info.plist */ = {isa = PBXFileReference; lastKnownFileType = text.plist.xml; path = Info.plist; sourceTree = "<group>"; };
		0A4909862003C85E000D3567 /* MyFirstAppWithMyFirstPodTests.xctest */ = {isa = PBXFileReference; explicitFileType = wrapper.cfbundle; includeInIndex = 0; path = MyFirstAppWithMyFirstPodTests.xctest; sourceTree = BUILT_PRODUCTS_DIR; };
		0A49098A2003C85E000D3567 /* MyFirstAppWithMyFirstPodTests.swift */ = {isa = PBXFileReference; lastKnownFileType = sourcecode.swift; path = MyFirstAppWithMyFirstPodTests.swift; sourceTree = "<group>"; };
		0A49098C2003C85E000D3567 /* Info.plist */ = {isa = PBXFileReference; lastKnownFileType = text.plist.xml; path = Info.plist; sourceTree = "<group>"; };
		5F31DCC49696BD44476C0F51 /* Pods-MyFirstAppWithMyFirstPod.debug.xcconfig */ = {isa = PBXFileReference; includeInIndex = 1; lastKnownFileType = text.xcconfig; name = "Pods-MyFirstAppWithMyFirstPod.debug.xcconfig"; path = "Pods/Target Support Files/Pods-MyFirstAppWithMyFirstPod/Pods-MyFirstAppWithMyFirstPod.debug.xcconfig"; sourceTree = "<group>"; };
		822F2B693E9EC44CA27A0985 /* Pods_MyFirstAppWithMyFirstPod.framework */ = {isa = PBXFileReference; explicitFileType = wrapper.framework; includeInIndex = 0; path = Pods_MyFirstAppWithMyFirstPod.framework; sourceTree = BUILT_PRODUCTS_DIR; };
		8591F7D587E6FB709DA45650 /* Pods-MyFirstAppWithMyFirstPodTests.debug.xcconfig */ = {isa = PBXFileReference; includeInIndex = 1; lastKnownFileType = text.xcconfig; name = "Pods-MyFirstAppWithMyFirstPodTests.debug.xcconfig"; path = "Pods/Target Support Files/Pods-MyFirstAppWithMyFirstPodTests/Pods-MyFirstAppWithMyFirstPodTests.debug.xcconfig"; sourceTree = "<group>"; };
		88D370BB7EB27D7BA3D25C38 /* Pods-MyFirstAppWithMyFirstPodTests.release.xcconfig */ = {isa = PBXFileReference; includeInIndex = 1; lastKnownFileType = text.xcconfig; name = "Pods-MyFirstAppWithMyFirstPodTests.release.xcconfig"; path = "Pods/Target Support Files/Pods-MyFirstAppWithMyFirstPodTests/Pods-MyFirstAppWithMyFirstPodTests.release.xcconfig"; sourceTree = "<group>"; };
		A381BA550B78A74E24A2D7C8 /* Pods-MyFirstAppWithMyFirstPod.release.xcconfig */ = {isa = PBXFileReference; includeInIndex = 1; lastKnownFileType = text.xcconfig; name = "Pods-MyFirstAppWithMyFirstPod.release.xcconfig"; path = "Pods/Target Support Files/Pods-MyFirstAppWithMyFirstPod/Pods-MyFirstAppWithMyFirstPod.release.xcconfig"; sourceTree = "<group>"; };
		A848CA50324CBDA381B979D9 /* Pods_MyFirstAppWithMyFirstPodTests.framework */ = {isa = PBXFileReference; explicitFileType = wrapper.framework; includeInIndex = 0; path = Pods_MyFirstAppWithMyFirstPodTests.framework; sourceTree = BUILT_PRODUCTS_DIR; };
/* End PBXFileReference section */

/* Begin PBXFrameworksBuildPhase section */
		0A49096F2003C85E000D3567 /* Frameworks */ = {
			isa = PBXFrameworksBuildPhase;
			buildActionMask = 2147483647;
			files = (
				0DD5F801893F0F13409F944B /* Pods_MyFirstAppWithMyFirstPod.framework in Frameworks */,
			);
			runOnlyForDeploymentPostprocessing = 0;
		};
		0A4909832003C85E000D3567 /* Frameworks */ = {
			isa = PBXFrameworksBuildPhase;
			buildActionMask = 2147483647;
			files = (
				265C17C7E0B7E58FE9D4B8C2 /* Pods_MyFirstAppWithMyFirstPodTests.framework in Frameworks */,
			);
			runOnlyForDeploymentPostprocessing = 0;
		};
/* End PBXFrameworksBuildPhase section */

/* Begin PBXGroup section */
		0A4909692003C85E000D3567 = {
			isa = PBXGroup;
			children = (
				0A4909742003C85E000D3567 /* MyFirstAppWithMyFirstPod */,
				0A4909892003C85E000D3567 /* MyFirstAppWithMyFirstPodTests */,
				0A4909732003C85E000D3567 /* Products */,
				2CE30F485FAAD4B63CF81B19 /* Pods */,
				3FBB940D37ED861588E34B79 /* Frameworks */,
			);
			sourceTree = "<group>";
		};
		0A4909732003C85E000D3567 /* Products */ = {
			isa = PBXGroup;
			children = (
				0A4909722003C85E000D3567 /* MyFirstAppWithMyFirstPod.app */,
				0A4909862003C85E000D3567 /* MyFirstAppWithMyFirstPodTests.xctest */,
			);
			name = Products;
			sourceTree = "<group>";
		};
		0A4909742003C85E000D3567 /* MyFirstAppWithMyFirstPod */ = {
			isa = PBXGroup;
			children = (
				0A4909752003C85E000D3567 /* AppDelegate.swift */,
				0A4909772003C85E000D3567 /* ViewController.swift */,
				0A4909792003C85E000D3567 /* Main.storyboard */,
				0A49097C2003C85E000D3567 /* Assets.xcassets */,
				0A49097E2003C85E000D3567 /* LaunchScreen.storyboard */,
				0A4909812003C85E000D3567 /* Info.plist */,
			);
			path = MyFirstAppWithMyFirstPod;
			sourceTree = "<group>";
		};
		0A4909892003C85E000D3567 /* MyFirstAppWithMyFirstPodTests */ = {
			isa = PBXGroup;
			children = (
				0A49098A2003C85E000D3567 /* MyFirstAppWithMyFirstPodTests.swift */,
				0A49098C2003C85E000D3567 /* Info.plist */,
			);
			path = MyFirstAppWithMyFirstPodTests;
			sourceTree = "<group>";
		};
		2CE30F485FAAD4B63CF81B19 /* Pods */ = {
			isa = PBXGroup;
			children = (
				5F31DCC49696BD44476C0F51 /* Pods-MyFirstAppWithMyFirstPod.debug.xcconfig */,
				A381BA550B78A74E24A2D7C8 /* Pods-MyFirstAppWithMyFirstPod.release.xcconfig */,
				8591F7D587E6FB709DA45650 /* Pods-MyFirstAppWithMyFirstPodTests.debug.xcconfig */,
				88D370BB7EB27D7BA3D25C38 /* Pods-MyFirstAppWithMyFirstPodTests.release.xcconfig */,
			);
			name = Pods;
			sourceTree = "<group>";
		};
		3FBB940D37ED861588E34B79 /* Frameworks */ = {
			isa = PBXGroup;
			children = (
				822F2B693E9EC44CA27A0985 /* Pods_MyFirstAppWithMyFirstPod.framework */,
				A848CA50324CBDA381B979D9 /* Pods_MyFirstAppWithMyFirstPodTests.framework */,
			);
			name = Frameworks;
			sourceTree = "<group>";
		};
/* End PBXGroup section */

/* Begin PBXNativeTarget section */
		0A4909712003C85E000D3567 /* MyFirstAppWithMyFirstPod */ = {
			isa = PBXNativeTarget;
			buildConfigurationList = 0A49098F2003C85E000D3567 /* Build configuration list for PBXNativeTarget "MyFirstAppWithMyFirstPod" */;
			buildPhases = (
				6475692418A06FE6C182256F /* [CP] Check Pods Manifest.lock */,
				0A49096E2003C85E000D3567 /* Sources */,
				0A49096F2003C85E000D3567 /* Frameworks */,
				0A4909702003C85E000D3567 /* Resources */,
				92FD42B7530D0EA61E6549A8 /* [CP] Embed Pods Frameworks */,
				F8219C7D673081586EC51AA0 /* [CP] Copy Pods Resources */,
				0A4909952003DE27000D3567 /* ShellScript */,
			);
			buildRules = (
			);
			dependencies = (
			);
			name = MyFirstAppWithMyFirstPod;
			productName = MyFirstAppWithMyFirstPod;
			productReference = 0A4909722003C85E000D3567 /* MyFirstAppWithMyFirstPod.app */;
			productType = "com.apple.product-type.application";
		};
		0A4909852003C85E000D3567 /* MyFirstAppWithMyFirstPodTests */ = {
			isa = PBXNativeTarget;
			buildConfigurationList = 0A4909922003C85E000D3567 /* Build configuration list for PBXNativeTarget "MyFirstAppWithMyFirstPodTests" */;
			buildPhases = (
				5EE02DEA8D3163736DC006CD /* [CP] Check Pods Manifest.lock */,
				0A4909822003C85E000D3567 /* Sources */,
				0A4909832003C85E000D3567 /* Frameworks */,
				0A4909842003C85E000D3567 /* Resources */,
				8AB7B53C020572135FD5DCD0 /* [CP] Embed Pods Frameworks */,
				41CE387A68C1D081EEF0A9EC /* [CP] Copy Pods Resources */,
			);
			buildRules = (
			);
			dependencies = (
				0A4909882003C85E000D3567 /* PBXTargetDependency */,
			);
			name = MyFirstAppWithMyFirstPodTests;
			productName = MyFirstAppWithMyFirstPodTests;
			productReference = 0A4909862003C85E000D3567 /* MyFirstAppWithMyFirstPodTests.xctest */;
			productType = "com.apple.product-type.bundle.unit-test";
		};
/* End PBXNativeTarget section */

/* Begin PBXProject section */
		0A49096A2003C85E000D3567 /* Project object */ = {
			isa = PBXProject;
			attributes = {
				LastSwiftUpdateCheck = 0830;
				LastUpgradeCheck = 0830;
				ORGANIZATIONNAME = "Kevin Hijlkema";
				TargetAttributes = {
					0A4909712003C85E000D3567 = {
						CreatedOnToolsVersion = 8.3.3;
						DevelopmentTeam = 53BS299VY5;
						ProvisioningStyle = Automatic;
					};
					0A4909852003C85E000D3567 = {
						CreatedOnToolsVersion = 8.3.3;
						DevelopmentTeam = 53BS299VY5;
						ProvisioningStyle = Automatic;
						TestTargetID = 0A4909712003C85E000D3567;
					};
				};
			};
			buildConfigurationList = 0A49096D2003C85E000D3567 /* Build configuration list for PBXProject "MyFirstAppWithMyFirstPod" */;
			compatibilityVersion = "Xcode 3.2";
			developmentRegion = English;
			hasScannedForEncodings = 0;
			knownRegions = (
				en,
				Base,
			);
			mainGroup = 0A4909692003C85E000D3567;
			productRefGroup = 0A4909732003C85E000D3567 /* Products */;
			projectDirPath = "";
			projectRoot = "";
			targets = (
				0A4909712003C85E000D3567 /* MyFirstAppWithMyFirstPod */,
				0A4909852003C85E000D3567 /* MyFirstAppWithMyFirstPodTests */,
			);
		};
/* End PBXProject section */

/* Begin PBXResourcesBuildPhase section */
		0A4909702003C85E000D3567 /* Resources */ = {
			isa = PBXResourcesBuildPhase;
			buildActionMask = 2147483647;
			files = (
				0A4909802003C85E000D3567 /* LaunchScreen.storyboard in Resources */,
				0A49097D2003C85E000D3567 /* Assets.xcassets in Resources */,
				0A49097B2003C85E000D3567 /* Main.storyboard in Resources */,
			);
			runOnlyForDeploymentPostprocessing = 0;
		};
		0A4909842003C85E000D3567 /* Resources */ = {
			isa = PBXResourcesBuildPhase;
			buildActionMask = 2147483647;
			files = (
			);
			runOnlyForDeploymentPostprocessing = 0;
		};
/* End PBXResourcesBuildPhase section */

/* Begin PBXShellScriptBuildPhase section */
		0A4909952003DE27000D3567 /* ShellScript */ = {
			isa = PBXShellScriptBuildPhase;
			buildActionMask = 2147483647;
			files = (
			);
			inputPaths = (
			);
			outputPaths = (
			);
			runOnlyForDeploymentPostprocessing = 0;
			shellPath = /bin/sh;
			shellScript = "\"${PODS_ROOT}/Fabric/run\" 111111111111111111111111111111111 22222222222222222222222222222222222222222222222222222";
		};
		41CE387A68C1D081EEF0A9EC /* [CP] Copy Pods Resources */ = {
			isa = PBXShellScriptBuildPhase;
			buildActionMask = 2147483647;
			files = (
			);
			inputPaths = (
			);
			name = "[CP] Copy Pods Resources";
			outputPaths = (
			);
			runOnlyForDeploymentPostprocessing = 0;
			shellPath = /bin/sh;
			shellScript = "\"${SRCROOT}/Pods/Target Support Files/Pods-MyFirstAppWithMyFirstPodTests/Pods-MyFirstAppWithMyFirstPodTests-resources.sh\"\n";
			showEnvVarsInLog = 0;
		};
		5EE02DEA8D3163736DC006CD /* [CP] Check Pods Manifest.lock */ = {
			isa = PBXShellScriptBuildPhase;
			buildActionMask = 2147483647;
			files = (
			);
			inputPaths = (
				"${PODS_PODFILE_DIR_PATH}/Podfile.lock",
				"${PODS_ROOT}/Manifest.lock",
			);
			name = "[CP] Check Pods Manifest.lock";
			outputPaths = (
				"$(DERIVED_FILE_DIR)/Pods-MyFirstAppWithMyFirstPodTests-checkManifestLockResult.txt",
			);
			runOnlyForDeploymentPostprocessing = 0;
			shellPath = /bin/sh;
			shellScript = "diff \"${PODS_PODFILE_DIR_PATH}/Podfile.lock\" \"${PODS_ROOT}/Manifest.lock\" > /dev/null\nif [ $? != 0 ] ; then\n    # print error to STDERR\n    echo \"error: The sandbox is not in sync with the Podfile.lock. Run 'pod install' or update your CocoaPods installation.\" >&2\n    exit 1\nfi\n# This output is used by Xcode 'outputs' to avoid re-running this script phase.\necho \"SUCCESS\" > \"${SCRIPT_OUTPUT_FILE_0}\"\n";
			showEnvVarsInLog = 0;
		};
		6475692418A06FE6C182256F /* [CP] Check Pods Manifest.lock */ = {
			isa = PBXShellScriptBuildPhase;
			buildActionMask = 2147483647;
			files = (
			);
			inputPaths = (
				"${PODS_PODFILE_DIR_PATH}/Podfile.lock",
				"${PODS_ROOT}/Manifest.lock",
			);
			name = "[CP] Check Pods Manifest.lock";
			outputPaths = (
				"$(DERIVED_FILE_DIR)/Pods-MyFirstAppWithMyFirstPod-checkManifestLockResult.txt",
			);
			runOnlyForDeploymentPostprocessing = 0;
			shellPath = /bin/sh;
			shellScript = "diff \"${PODS_PODFILE_DIR_PATH}/Podfile.lock\" \"${PODS_ROOT}/Manifest.lock\" > /dev/null\nif [ $? != 0 ] ; then\n    # print error to STDERR\n    echo \"error: The sandbox is not in sync with the Podfile.lock. Run 'pod install' or update your CocoaPods installation.\" >&2\n    exit 1\nfi\n# This output is used by Xcode 'outputs' to avoid re-running this script phase.\necho \"SUCCESS\" > \"${SCRIPT_OUTPUT_FILE_0}\"\n";
			showEnvVarsInLog = 0;
		};
		8AB7B53C020572135FD5DCD0 /* [CP] Embed Pods Frameworks */ = {
			isa = PBXShellScriptBuildPhase;
			buildActionMask = 2147483647;
			files = (
			);
			inputPaths = (
			);
			name = "[CP] Embed Pods Frameworks";
			outputPaths = (
			);
			runOnlyForDeploymentPostprocessing = 0;
			shellPath = /bin/sh;
			shellScript = "\"${SRCROOT}/Pods/Target Support Files/Pods-MyFirstAppWithMyFirstPodTests/Pods-MyFirstAppWithMyFirstPodTests-frameworks.sh\"\n";
			showEnvVarsInLog = 0;
		};
		92FD42B7530D0EA61E6549A8 /* [CP] Embed Pods Frameworks */ = {
			isa = PBXShellScriptBuildPhase;
			buildActionMask = 2147483647;
			files = (
			);
			inputPaths = (
				"${SRCROOT}/Pods/Target Support Files/Pods-MyFirstAppWithMyFirstPod/Pods-MyFirstAppWithMyFirstPod-frameworks.sh",
				"${BUILT_PRODUCTS_DIR}/FirstTestPod/FirstTestPod.framework",
			);
			name = "[CP] Embed Pods Frameworks";
			outputPaths = (
				"${TARGET_BUILD_DIR}/${FRAMEWORKS_FOLDER_PATH}/FirstTestPod.framework",
			);
			runOnlyForDeploymentPostprocessing = 0;
			shellPath = /bin/sh;
			shellScript = "\"${SRCROOT}/Pods/Target Support Files/Pods-MyFirstAppWithMyFirstPod/Pods-MyFirstAppWithMyFirstPod-frameworks.sh\"\n";
			showEnvVarsInLog = 0;
		};
		F8219C7D673081586EC51AA0 /* [CP] Copy Pods Resources */ = {
			isa = PBXShellScriptBuildPhase;
			buildActionMask = 2147483647;
			files = (
			);
			inputPaths = (
			);
			name = "[CP] Copy Pods Resources";
			outputPaths = (
			);
			runOnlyForDeploymentPostprocessing = 0;
			shellPath = /bin/sh;
			shellScript = "\"${SRCROOT}/Pods/Target Support Files/Pods-MyFirstAppWithMyFirstPod/Pods-MyFirstAppWithMyFirstPod-resources.sh\"\n";
			showEnvVarsInLog = 0;
		};
/* End PBXShellScriptBuildPhase section */

/* Begin PBXSourcesBuildPhase section */
		0A49096E2003C85E000D3567 /* Sources */ = {
			isa = PBXSourcesBuildPhase;
			buildActionMask = 2147483647;
			files = (
				0A4909782003C85E000D3567 /* ViewController.swift in Sources */,
				0A4909762003C85E000D3567 /* AppDelegate.swift in Sources */,
			);
			runOnlyForDeploymentPostprocessing = 0;
		};
		0A4909822003C85E000D3567 /* Sources */ = {
			isa = PBXSourcesBuildPhase;
			buildActionMask = 2147483647;
			files = (
				0A49098B2003C85E000D3567 /* MyFirstAppWithMyFirstPodTests.swift in Sources */,
			);
			runOnlyForDeploymentPostprocessing = 0;
		};
/* End PBXSourcesBuildPhase section */

/* Begin PBXTargetDependency section */
		0A4909882003C85E000D3567 /* PBXTargetDependency */ = {
			isa = PBXTargetDependency;
			target = 0A4909712003C85E000D3567 /* MyFirstAppWithMyFirstPod */;
			targetProxy = 0A4909872003C85E000D3567 /* PBXContainerItemProxy */;
		};
/* End PBXTargetDependency section */

/* Begin PBXVariantGroup section */
		0A4909792003C85E000D3567 /* Main.storyboard */ = {
			isa = PBXVariantGroup;
			children = (
				0A49097A2003C85E000D3567 /* Base */,
			);
			name = Main.storyboard;
			sourceTree = "<group>";
		};
		0A49097E2003C85E000D3567 /* LaunchScreen.storyboard */ = {
			isa = PBXVariantGroup;
			children = (
				0A49097F2003C85E000D3567 /* Base */,
			);
			name = LaunchScreen.storyboard;
			sourceTree = "<group>";
		};
/* End PBXVariantGroup section */

/* Begin XCBuildConfiguration section */
		0A49098D2003C85E000D3567 /* Debug */ = {
			isa = XCBuildConfiguration;
			buildSettings = {
				ALWAYS_SEARCH_USER_PATHS = NO;
				CLANG_ANALYZER_NONNULL = YES;
				CLANG_ANALYZER_NUMBER_OBJECT_CONVERSION = YES_AGGRESSIVE;
				CLANG_CXX_LANGUAGE_STANDARD = "gnu++0x";
				CLANG_CXX_LIBRARY = "libc++";
				CLANG_ENABLE_MODULES = YES;
				CLANG_ENABLE_OBJC_ARC = YES;
				CLANG_WARN_BOOL_CONVERSION = YES;
				CLANG_WARN_CONSTANT_CONVERSION = YES;
				CLANG_WARN_DIRECT_OBJC_ISA_USAGE = YES_ERROR;
				CLANG_WARN_DOCUMENTATION_COMMENTS = YES;
				CLANG_WARN_EMPTY_BODY = YES;
				CLANG_WARN_ENUM_CONVERSION = YES;
				CLANG_WARN_INFINITE_RECURSION = YES;
				CLANG_WARN_INT_CONVERSION = YES;
				CLANG_WARN_OBJC_ROOT_CLASS = YES_ERROR;
				CLANG_WARN_SUSPICIOUS_MOVE = YES;
				CLANG_WARN_UNREACHABLE_CODE = YES;
				CLANG_WARN__DUPLICATE_METHOD_MATCH = YES;
				"CODE_SIGN_IDENTITY[sdk=iphoneos*]" = "iPhone Developer";
				COPY_PHASE_STRIP = NO;
				DEBUG_INFORMATION_FORMAT = dwarf;
				ENABLE_STRICT_OBJC_MSGSEND = YES;
				ENABLE_TESTABILITY = YES;
				GCC_C_LANGUAGE_STANDARD = gnu99;
				GCC_DYNAMIC_NO_PIC = NO;
				GCC_NO_COMMON_BLOCKS = YES;
				GCC_OPTIMIZATION_LEVEL = 0;
				GCC_PREPROCESSOR_DEFINITIONS = (
					"DEBUG=1",
					"$(inherited)",
				);
				GCC_WARN_64_TO_32_BIT_CONVERSION = YES;
				GCC_WARN_ABOUT_RETURN_TYPE = YES_ERROR;
				GCC_WARN_UNDECLARED_SELECTOR = YES;
				GCC_WARN_UNINITIALIZED_AUTOS = YES_AGGRESSIVE;
				GCC_WARN_UNUSED_FUNCTION = YES;
				GCC_WARN_UNUSED_VARIABLE = YES;
				IPHONEOS_DEPLOYMENT_TARGET = 10.3;
				MTL_ENABLE_DEBUG_INFO = YES;
				ONLY_ACTIVE_ARCH = YES;
				SDKROOT = iphoneos;
				SWIFT_ACTIVE_COMPILATION_CONDITIONS = DEBUG;
				SWIFT_OPTIMIZATION_LEVEL = "-Onone";
				TARGETED_DEVICE_FAMILY = "1,2";
			};
			name = Debug;
		};
		0A49098E2003C85E000D3567 /* Release */ = {
			isa = XCBuildConfiguration;
			buildSettings = {
				ALWAYS_SEARCH_USER_PATHS = NO;
				CLANG_ANALYZER_NONNULL = YES;
				CLANG_ANALYZER_NUMBER_OBJECT_CONVERSION = YES_AGGRESSIVE;
				CLANG_CXX_LANGUAGE_STANDARD = "gnu++0x";
				CLANG_CXX_LIBRARY = "libc++";
				CLANG_ENABLE_MODULES = YES;
				CLANG_ENABLE_OBJC_ARC = YES;
				CLANG_WARN_BOOL_CONVERSION = YES;
				CLANG_WARN_CONSTANT_CONVERSION = YES;
				CLANG_WARN_DIRECT_OBJC_ISA_USAGE = YES_ERROR;
				CLANG_WARN_DOCUMENTATION_COMMENTS = YES;
				CLANG_WARN_EMPTY_BODY = YES;
				CLANG_WARN_ENUM_CONVERSION = YES;
				CLANG_WARN_INFINITE_RECURSION = YES;
				CLANG_WARN_INT_CONVERSION = YES;
				CLANG_WARN_OBJC_ROOT_CLASS = YES_ERROR;
				CLANG_WARN_SUSPICIOUS_MOVE = YES;
				CLANG_WARN_UNREACHABLE_CODE = YES;
				CLANG_WARN__DUPLICATE_METHOD_MATCH = YES;
				"CODE_SIGN_IDENTITY[sdk=iphoneos*]" = "iPhone Developer";
				COPY_PHASE_STRIP = NO;
				DEBUG_INFORMATION_FORMAT = "dwarf-with-dsym";
				ENABLE_NS_ASSERTIONS = NO;
				ENABLE_STRICT_OBJC_MSGSEND = YES;
				GCC_C_LANGUAGE_STANDARD = gnu99;
				GCC_NO_COMMON_BLOCKS = YES;
				GCC_WARN_64_TO_32_BIT_CONVERSION = YES;
				GCC_WARN_ABOUT_RETURN_TYPE = YES_ERROR;
				GCC_WARN_UNDECLARED_SELECTOR = YES;
				GCC_WARN_UNINITIALIZED_AUTOS = YES_AGGRESSIVE;
				GCC_WARN_UNUSED_FUNCTION = YES;
				GCC_WARN_UNUSED_VARIABLE = YES;
				IPHONEOS_DEPLOYMENT_TARGET = 10.3;
				MTL_ENABLE_DEBUG_INFO = NO;
				SDKROOT = iphoneos;
				SWIFT_OPTIMIZATION_LEVEL = "-Owholemodule";
				TARGETED_DEVICE_FAMILY = "1,2";
				VALIDATE_PRODUCT = YES;
			};
			name = Release;
		};
		0A4909902003C85E000D3567 /* Debug */ = {
			isa = XCBuildConfiguration;
			baseConfigurationReference = 5F31DCC49696BD44476C0F51 /* Pods-MyFirstAppWithMyFirstPod.debug.xcconfig */;
			buildSettings = {
				ASSETCATALOG_COMPILER_APPICON_NAME = AppIcon;
				DEVELOPMENT_TEAM = 53BS299VY5;
				INFOPLIST_FILE = MyFirstAppWithMyFirstPod/Info.plist;
				LD_RUNPATH_SEARCH_PATHS = "$(inherited) @executable_path/Frameworks";
				PRODUCT_BUNDLE_IDENTIFIER = kew.MC.MyFirstAppWithMyFirstPod;
				PRODUCT_NAME = "$(TARGET_NAME)";
				SWIFT_VERSION = 3.0;
			};
			name = Debug;
		};
		0A4909912003C85E000D3567 /* Release */ = {
			isa = XCBuildConfiguration;
			baseConfigurationReference = A381BA550B78A74E24A2D7C8 /* Pods-MyFirstAppWithMyFirstPod.release.xcconfig */;
			buildSettings = {
				ASSETCATALOG_COMPILER_APPICON_NAME = AppIcon;
				DEVELOPMENT_TEAM = 53BS299VY5;
				INFOPLIST_FILE = MyFirstAppWithMyFirstPod/Info.plist;
				LD_RUNPATH_SEARCH_PATHS = "$(inherited) @executable_path/Frameworks";
				PRODUCT_BUNDLE_IDENTIFIER = kew.MC.MyFirstAppWithMyFirstPod;
				PRODUCT_NAME = "$(TARGET_NAME)";
				SWIFT_VERSION = 3.0;
			};
			name = Release;
		};
		0A4909932003C85E000D3567 /* Debug */ = {
			isa = XCBuildConfiguration;
			baseConfigurationReference = 8591F7D587E6FB709DA45650 /* Pods-MyFirstAppWithMyFirstPodTests.debug.xcconfig */;
			buildSettings = {
				ALWAYS_EMBED_SWIFT_STANDARD_LIBRARIES = YES;
				BUNDLE_LOADER = "$(TEST_HOST)";
				DEVELOPMENT_TEAM = 53BS299VY5;
				INFOPLIST_FILE = MyFirstAppWithMyFirstPodTests/Info.plist;
				LD_RUNPATH_SEARCH_PATHS = "$(inherited) @executable_path/Frameworks @loader_path/Frameworks";
				PRODUCT_BUNDLE_IDENTIFIER = kew.MC.MyFirstAppWithMyFirstPodTests;
				PRODUCT_NAME = "$(TARGET_NAME)";
				SWIFT_VERSION = 3.0;
				TEST_HOST = "$(BUILT_PRODUCTS_DIR)/MyFirstAppWithMyFirstPod.app/MyFirstAppWithMyFirstPod";
			};
			name = Debug;
		};
		0A4909942003C85E000D3567 /* Release */ = {
			isa = XCBuildConfiguration;
			baseConfigurationReference = 88D370BB7EB27D7BA3D25C38 /* Pods-MyFirstAppWithMyFirstPodTests.release.xcconfig */;
			buildSettings = {
				ALWAYS_EMBED_SWIFT_STANDARD_LIBRARIES = YES;
				BUNDLE_LOADER = "$(TEST_HOST)";
				DEVELOPMENT_TEAM = 53BS299VY5;
				INFOPLIST_FILE = MyFirstAppWithMyFirstPodTests/Info.plist;
				LD_RUNPATH_SEARCH_PATHS = "$(inherited) @executable_path/Frameworks @loader_path/Frameworks";
				PRODUCT_BUNDLE_IDENTIFIER = kew.MC.MyFirstAppWithMyFirstPodTests;
				PRODUCT_NAME = "$(TARGET_NAME)";
				SWIFT_VERSION = 3.0;
				TEST_HOST = "$(BUILT_PRODUCTS_DIR)/MyFirstAppWithMyFirstPod.app/MyFirstAppWithMyFirstPod";
			};
			name = Release;
		};
/* End XCBuildConfiguration section */

/* Begin XCConfigurationList section */
		0A49096D2003C85E000D3567 /* Build configuration list for PBXProject "MyFirstAppWithMyFirstPod" */ = {
			isa = XCConfigurationList;
			buildConfigurations = (
				0A49098D2003C85E000D3567 /* Debug */,
				0A49098E2003C85E000D3567 /* Release */,
			);
			defaultConfigurationIsVisible = 0;
			defaultConfigurationName = Release;
		};
		0A49098F2003C85E000D3567 /* Build configuration list for PBXNativeTarget "MyFirstAppWithMyFirstPod" */ = {
			isa = XCConfigurationList;
			buildConfigurations = (
				0A4909902003C85E000D3567 /* Debug */,
				0A4909912003C85E000D3567 /* Release */,
			);
			defaultConfigurationIsVisible = 0;
			defaultConfigurationName = Release;
		};
		0A4909922003C85E000D3567 /* Build configuration list for PBXNativeTarget "MyFirstAppWithMyFirstPodTests" */ = {
			isa = XCConfigurationList;
			buildConfigurations = (
				0A4909932003C85E000D3567 /* Debug */,
				0A4909942003C85E000D3567 /* Release */,
			);
			defaultConfigurationIsVisible = 0;
			defaultConfigurationName = Release;
		};
/* End XCConfigurationList section */
	};
	rootObject = 0A49096A2003C85E000D3567 /* Project object */;
}
